<?xml version="1.0" encoding="utf-8"?>
<Project ToolsVersion="4.0" xmlns="http://schemas.microsoft.com/developer/msbuild/2003">
  <ItemGroup>
    <Filter Include="소스 파일">
      <UniqueIdentifier>{552c9096-476e-4fcd-bbe9-cafb475820e1}</UniqueIdentifier>
    </Filter>
  </ItemGroup>
  <ItemGroup>
    <ClCompile Include="quiz-10.c">
      <Filter>소스 파일</Filter>
    </ClCompile>
  </ItemGroup>
</Project>