
Microsoft Visual Studio Solution File, Format Version 12.00
# Visual Studio Version 18
VisualStudioVersion = 18.4.11605.240
MinimumVisualStudioVersion = 10.0.40219.1
Project("{8BC9CEB8-8B4A-11D0-8D11-00A0C91BC942}") = "quiz-1", "quiz-1\quiz-1.vcxproj", "{9F28E655-805E-4CBA-979D-47E8CCDCC314}"
EndProject
Project("{8BC9CEB8-8B4A-11D0-8D11-00A0C91BC942}") = "quiz-2", "quiz-2\quiz-2.vcxproj", "{5340D326-1A1C-43D8-A1CD-F67F1EAD1D83}"
EndProject
Project("{8BC9CEB8-8B4A-11D0-8D11-00A0C91BC942}") = "quiz-3", "quiz-3\quiz-3.vcxproj", "{C51CEA01-81A5-4C9F-8AA4-2820DEE8618E}"
EndProject
Project("{8BC9CEB8-8B4A-11D0-8D11-00A0C91BC942}") = "quiz-4", "quiz-4\quiz-4.vcxproj", "{384CF565-037A-48BC-832F-B02A8A3A8913}"
EndProject
Project("{8BC9CEB8-8B4A-11D0-8D11-00A0C91BC942}") = "quiz-5", "quiz-5\quiz-5.vcxproj", "{56DE0EA8-871A-49E8-86D4-59F564C13957}"
EndProject
Project("{8BC9CEB8-8B4A-11D0-8D11-00A0C91BC942}") = "quiz-6", "quiz-6\quiz-6.vcxproj", "{6F8AED25-2100-43F8-821F-80FE21146771}"
EndProject
Project("{8BC9CEB8-8B4A-11D0-8D11-00A0C91BC942}") = "quiz-7", "quiz-7\quiz-7.vcxproj", "{FB673907-7E8C-4EFE-AAED-2BCCB990B93C}"
EndProject
Project("{8BC9CEB8-8B4A-11D0-8D11-00A0C91BC942}") = "quiz-8", "quiz-8\quiz-8.vcxproj", "{0E97997B-CECD-45CF-97AB-AC5A34F1E88F}"
EndProject
Project("{2150E333-8FDC-42A3-9474-1A3956D46DE8}") = "솔루션 항목", "솔루션 항목", "{1A829EFE-DDB0-4E43-8BAE-F14E8ABD1D22}"
EndProject
Project("{8BC9CEB8-8B4A-11D0-8D11-00A0C91BC942}") = "quiz-9", "quiz-9\quiz-9.vcxproj", "{1413B4B5-8E4E-4E4F-9C51-9A96E959D082}"
EndProject
Project("{8BC9CEB8-8B4A-11D0-8D11-00A0C91BC942}") = "quiz-10", "quiz-10\quiz-10.vcxproj", "{79304DD1-2D11-4A72-B51A-CB3E762C27F2}"
EndProject
Project("{8BC9CEB8-8B4A-11D0-8D11-00A0C91BC942}") = "quiz-11", "quiz-11\quiz-11.vcxproj", "{E570030F-298A-4DA8-B184-33806C588F21}"
EndProject
Project("{8BC9CEB8-8B4A-11D0-8D11-00A0C91BC942}") = "quiz-12", "quiz-12\quiz-12.vcxproj", "{D252E35A-E38C-4E0E-8D9C-88F803ACE572}"
EndProject
Global
	GlobalSection(SolutionConfigurationPlatforms) = preSolution
		Debug|x64 = Debug|x64
		Debug|x86 = Debug|x86
		Release|x64 = Release|x64
		Release|x86 = Release|x86
	EndGlobalSection
	GlobalSection(ProjectConfigurationPlatforms) = postSolution
		{9F28E655-805E-4CBA-979D-47E8CCDCC314}.Debug|x64.ActiveCfg = Debug|x64
		{9F28E655-805E-4CBA-979D-47E8CCDCC314}.Debug|x64.Build.0 = Debug|x64
		{9F28E655-805E-4CBA-979D-47E8CCDCC314}.Debug|x86.ActiveCfg = Debug|Win32
		{9F28E655-805E-4CBA-979D-47E8CCDCC314}.Debug|x86.Build.0 = Debug|Win32
		{9F28E655-805E-4CBA-979D-47E8CCDCC314}.Release|x64.ActiveCfg = Release|x64
		{9F28E655-805E-4CBA-979D-47E8CCDCC314}.Release|x64.Build.0 = Release|x64
		{9F28E655-805E-4CBA-979D-47E8CCDCC314}.Release|x86.ActiveCfg = Release|Win32
		{9F28E655-805E-4CBA-979D-47E8CCDCC314}.Release|x86.Build.0 = Release|Win32
		{5340D326-1A1C-43D8-A1CD-F67F1EAD1D83}.Debug|x64.ActiveCfg = Debug|x64
		{5340D326-1A1C-43D8-A1CD-F67F1EAD1D83}.Debug|x64.Build.0 = Debug|x64
		{5340D326-1A1C-43D8-A1CD-F67F1EAD1D83}.Debug|x86.ActiveCfg = Debug|Win32
		{5340D326-1A1C-43D8-A1CD-F67F1EAD1D83}.Debug|x86.Build.0 = Debug|Win32
		{5340D326-1A1C-43D8-A1CD-F67F1EAD1D83}.Release|x64.ActiveCfg = Release|x64
		{5340D326-1A1C-43D8-A1CD-F67F1EAD1D83}.Release|x64.Build.0 = Release|x64
		{5340D326-1A1C-43D8-A1CD-F67F1EAD1D83}.Release|x86.ActiveCfg = Release|Win32
		{5340D326-1A1C-43D8-A1CD-F67F1EAD1D83}.Release|x86.Build.0 = Release|Win32
		{C51CEA01-81A5-4C9F-8AA4-2820DEE8618E}.Debug|x64.ActiveCfg = Debug|x64
		{C51CEA01-81A5-4C9F-8AA4-2820DEE8618E}.Debug|x64.Build.0 = Debug|x64
		{C51CEA01-81A5-4C9F-8AA4-2820DEE8618E}.Debug|x86.ActiveCfg = Debug|Win32
		{C51CEA01-81A5-4C9F-8AA4-2820DEE8618E}.Debug|x86.Build.0 = Debug|Win32
		{C51CEA01-81A5-4C9F-8AA4-2820DEE8618E}.Release|x64.ActiveCfg = Release|x64
		{C51CEA01-81A5-4C9F-8AA4-2820DEE8618E}.Release|x64.Build.0 = Release|x64
		{C51CEA01-81A5-4C9F-8AA4-2820DEE8618E}.Release|x86.ActiveCfg = Release|Win32
		{C51CEA01-81A5-4C9F-8AA4-2820DEE8618E}.Release|x86.Build.0 = Release|Win32
		{384CF565-037A-48BC-832F-B02A8A3A8913}.Debug|x64.ActiveCfg = Debug|x64
		{384CF565-037A-48BC-832F-B02A8A3A8913}.Debug|x64.Build.0 = Debug|x64
		{384CF565-037A-48BC-832F-B02A8A3A8913}.Debug|x86.ActiveCfg = Debug|Win32
		{384CF565-037A-48BC-832F-B02A8A3A8913}.Debug|x86.Build.0 = Debug|Win32
		{384CF565-037A-48BC-832F-B02A8A3A8913}.Release|x64.ActiveCfg = Release|x64
		{384CF565-037A-48BC-832F-B02A8A3A8913}.Release|x64.Build.0 = Release|x64
		{384CF565-037A-48BC-832F-B02A8A3A8913}.Release|x86.ActiveCfg = Release|Win32
		{384CF565-037A-48BC-832F-B02A8A3A8913}.Release|x86.Build.0 = Release|Win32
		{56DE0EA8-871A-49E8-86D4-59F564C13957}.Debug|x64.ActiveCfg = Debug|x64
		{56DE0EA8-871A-49E8-86D4-59F564C13957}.Debug|x64.Build.0 = Debug|x64
		{56DE0EA8-871A-49E8-86D4-59F564C13957}.Debug|x86.ActiveCfg = Debug|Win32
		{56DE0EA8-871A-49E8-86D4-59F564C13957}.Debug|x86.Build.0 = Debug|Win32
		{56DE0EA8-871A-49E8-86D4-59F564C13957}.Release|x64.ActiveCfg = Release|x64
		{56DE0EA8-871A-49E8-86D4-59F564C13957}.Release|x64.Build.0 = Release|x64
		{56DE0EA8-871A-49E8-86D4-59F564C13957}.Release|x86.ActiveCfg = Release|Win32
		{56DE0EA8-871A-49E8-86D4-59F564C13957}.Release|x86.Build.0 = Release|Win32
		{6F8AED25-2100-43F8-821F-80FE21146771}.Debug|x64.ActiveCfg = Debug|x64
		{6F8AED25-2100-43F8-821F-80FE21146771}.Debug|x64.Build.0 = Debug|x64
		{6F8AED25-2100-43F8-821F-80FE21146771}.Debug|x86.ActiveCfg = Debug|Win32
		{6F8AED25-2100-43F8-821F-80FE21146771}.Debug|x86.Build.0 = Debug|Win32
		{6F8AED25-2100-43F8-821F-80FE21146771}.Release|x64.ActiveCfg = Release|x64
		{6F8AED25-2100-43F8-821F-80FE21146771}.Release|x64.Build.0 = Release|x64
		{6F8AED25-2100-43F8-821F-80FE21146771}.Release|x86.ActiveCfg = Release|Win32
		{6F8AED25-2100-43F8-821F-80FE21146771}.Release|x86.Build.0 = Release|Win32
		{FB673907-7E8C-4EFE-AAED-2BCCB990B93C}.Debug|x64.ActiveCfg = Debug|x64
		{FB673907-7E8C-4EFE-AAED-2BCCB990B93C}.Debug|x64.Build.0 = Debug|x64
		{FB673907-7E8C-4EFE-AAED-2BCCB990B93C}.Debug|x86.ActiveCfg = Debug|Win32
		{FB673907-7E8C-4EFE-AAED-2BCCB990B93C}.Debug|x86.Build.0 = Debug|Win32
		{FB673907-7E8C-4EFE-AAED-2BCCB990B93C}.Release|x64.ActiveCfg = Release|x64
		{FB673907-7E8C-4EFE-AAED-2BCCB990B93C}.Release|x64.Build.0 = Release|x64
		{FB673907-7E8C-4EFE-AAED-2BCCB990B93C}.Release|x86.ActiveCfg = Release|Win32
		{FB673907-7E8C-4EFE-AAED-2BCCB990B93C}.Release|x86.Build.0 = Release|Win32
		{0E97997B-CECD-45CF-97AB-AC5A34F1E88F}.Debug|x64.ActiveCfg = Debug|x64
		{0E97997B-CECD-45CF-97AB-AC5A34F1E88F}.Debug|x64.Build.0 = Debug|x64
		{0E97997B-CECD-45CF-97AB-AC5A34F1E88F}.Debug|x86.ActiveCfg = Debug|Win32
		{0E97997B-CECD-45CF-97AB-AC5A34F1E88F}.Debug|x86.Build.0 = Debug|Win32
		{0E97997B-CECD-45CF-97AB-AC5A34F1E88F}.Release|x64.ActiveCfg = Release|x64
		{0E97997B-CECD-45CF-97AB-AC5A34F1E88F}.Release|x64.Build.0 = Release|x64
		{0E97997B-CECD-45CF-97AB-AC5A34F1E88F}.Release|x86.ActiveCfg = Release|Win32
		{0E97997B-CECD-45CF-97AB-AC5A34F1E88F}.Release|x86.Build.0 = Release|Win32
		{1413B4B5-8E4E-4E4F-9C51-9A96E959D082}.Debug|x64.ActiveCfg = Debug|x64
		{1413B4B5-8E4E-4E4F-9C51-9A96E959D082}.Debug|x64.Build.0 = Debug|x64
		{1413B4B5-8E4E-4E4F-9C51-9A96E959D082}.Debug|x86.ActiveCfg = Debug|Win32
		{1413B4B5-8E4E-4E4F-9C51-9A96E959D082}.Debug|x86.Build.0 = Debug|Win32
		{1413B4B5-8E4E-4E4F-9C51-9A96E959D082}.Release|x64.ActiveCfg = Release|x64
		{1413B4B5-8E4E-4E4F-9C51-9A96E959D082}.Release|x64.Build.0 = Release|x64
		{1413B4B5-8E4E-4E4F-9C51-9A96E959D082}.Release|x86.ActiveCfg = Release|Win32
		{1413B4B5-8E4E-4E4F-9C51-9A96E959D082}.Release|x86.Build.0 = Release|Win32
		{79304DD1-2D11-4A72-B51A-CB3E762C27F2}.Debug|x64.ActiveCfg = Debug|x64
		{79304DD1-2D11-4A72-B51A-CB3E762C27F2}.Debug|x64.Build.0 = Debug|x64
		{79304DD1-2D11-4A72-B51A-CB3E762C27F2}.Debug|x86.ActiveCfg = Debug|Win32
		{79304DD1-2D11-4A72-B51A-CB3E762C27F2}.Debug|x86.Build.0 = Debug|Win32
		{79304DD1-2D11-4A72-B51A-CB3E762C27F2}.Release|x64.ActiveCfg = Release|x64
		{79304DD1-2D11-4A72-B51A-CB3E762C27F2}.Release|x64.Build.0 = Release|x64
		{79304DD1-2D11-4A72-B51A-CB3E762C27F2}.Release|x86.ActiveCfg = Release|Win32
		{79304DD1-2D11-4A72-B51A-CB3E762C27F2}.Release|x86.Build.0 = Release|Win32
		{E570030F-298A-4DA8-B184-33806C588F21}.Debug|x64.ActiveCfg = Debug|x64
		{E570030F-298A-4DA8-B184-33806C588F21}.Debug|x64.Build.0 = Debug|x64
		{E570030F-298A-4DA8-B184-33806C588F21}.Debug|x86.ActiveCfg = Debug|Win32
		{E570030F-298A-4DA8-B184-33806C588F21}.Debug|x86.Build.0 = Debug|Win32
		{E570030F-298A-4DA8-B184-33806C588F21}.Release|x64.ActiveCfg = Release|x64
		{E570030F-298A-4DA8-B184-33806C588F21}.Release|x64.Build.0 = Release|x64
		{E570030F-298A-4DA8-B184-33806C588F21}.Release|x86.ActiveCfg = Release|Win32
		{E570030F-298A-4DA8-B184-33806C588F21}.Release|x86.Build.0 = Release|Win32
		{D252E35A-E38C-4E0E-8D9C-88F803ACE572}.Debug|x64.ActiveCfg = Debug|x64
		{D252E35A-E38C-4E0E-8D9C-88F803ACE572}.Debug|x64.Build.0 = Debug|x64
		{D252E35A-E38C-4E0E-8D9C-88F803ACE572}.Debug|x86.ActiveCfg = Debug|Win32
		{D252E35A-E38C-4E0E-8D9C-88F803ACE572}.Debug|x86.Build.0 = Debug|Win32
		{D252E35A-E38C-4E0E-8D9C-88F803ACE572}.Release|x64.ActiveCfg = Release|x64
		{D252E35A-E38C-4E0E-8D9C-88F803ACE572}.Release|x64.Build.0 = Release|x64
		{D252E35A-E38C-4E0E-8D9C-88F803ACE572}.Release|x86.ActiveCfg = Release|Win32
		{D252E35A-E38C-4E0E-8D9C-88F803ACE572}.Release|x86.Build.0 = Release|Win32
	EndGlobalSection
	GlobalSection(SolutionProperties) = preSolution
		HideSolutionNode = FALSE
	EndGlobalSection
	GlobalSection(ExtensibilityGlobals) = postSolution
		SolutionGuid = {4A6DE0BF-2894-4F6A-9B5E-713181B3142F}
	EndGlobalSection
EndGlobal
